<?xml version="1.0" encoding="utf-8"?>
<Project ToolsVersion="4.0" xmlns="http://schemas.microsoft.com/developer/msbuild/2003">
  <ItemGroup>
    <Filter Include="Header Filkes">
      <UniqueIdentifier>{4e2d62dd-4c61-4953-9a88-263011b567db}</UniqueIdentifier>
    </Filter>
    <Filter Include="Source Files">
      <UniqueIdentifier>{fd4a80fc-6cfb-4c50-8bdf-41fef13a9ec3}</UniqueIdentifier>
    </Filter>
  </ItemGroup>
  <ItemGroup>
    <CudaCompile Include="Random.cu">
      <Filter>Source Files</Filter>
    </CudaCompile>
    <CudaCompile Include="RayTracerImpl.cu">
      <Filter>Source Files</Filter>
    </CudaCompile>
  </ItemGroup>
  <ItemGroup>
    <ClInclude Include="RayTracerImpl.cuh">
      <Filter>Header Filkes</Filter>
    </ClInclude>
    <ClInclude Include="DeviceUtils.cuh">
      <Filter>Header Filkes</Filter>
    </ClInclude>
    <ClInclude Include="Random.cuh">
      <Filter>Header Filkes</Filter>
    </ClInclude>
    <ClInclude Include="Ray.cuh">
      <Filter>Header Filkes</Filter>
    </ClInclude>
    <ClInclude Include="RenderData.cuh">
      <Filter>Header Filkes</Filter>
    </ClInclude>
    <ClInclude Include="ThinLensCamera.cuh">
      <Filter>Header Filkes</Filter>
    </ClInclude>
    <ClInclude Include="RayTracer.h">
      <Filter>Header Filkes</Filter>
    </ClInclude>
    <ClInclude Include="RenderKernel.cuh">
      <Filter>Header Filkes</Filter>
    </ClInclude>
  </ItemGroup>
  <ItemGroup>
    <ClCompile Include="RayTracer.cpp">
      <Filter>Source Files</Filter>
    </ClCompile>
  </ItemGroup>
</Project>