<?xml version="1.0" encoding="utf-8"?>
<Project ToolsVersion="4.0" xmlns="http://schemas.microsoft.com/developer/msbuild/2003">
  <ItemGroup>
    <Filter Include="Header Filkes">
      <UniqueIdentifier>{4e2d62dd-4c61-4953-9a88-263011b567db}</UniqueIdentifier>
    </Filter>
    <Filter Include="Source Files">
      <UniqueIdentifier>{fd4a80fc-6cfb-4c50-8bdf-41fef13a9ec3}</UniqueIdentifier>
    </Filter>
    <Filter Include="Source Files\Interface">
      <UniqueIdentifier>{5c91dcfa-ca0c-4e4b-b6fd-fb324925d215}</UniqueIdentifier>
    </Filter>
    <Filter Include="Source Files\Implementation">
      <UniqueIdentifier>{d66bb825-40e7-4814-9668-d9902e9c3cb8}</UniqueIdentifier>
    </Filter>
    <Filter Include="Header Filkes\Interface">
      <UniqueIdentifier>{54d02377-3722-44e9-be7b-24bba7c3aa7e}</UniqueIdentifier>
    </Filter>
    <Filter Include="Header Filkes\Implementation">
      <UniqueIdentifier>{b2b81e66-bc14-44aa-9ce3-d7e50e793cb9}</UniqueIdentifier>
    </Filter>
  </ItemGroup>
  <ItemGroup>
    <CudaCompile Include="Random.cu">
      <Filter>Source Files\Implementation</Filter>
    </CudaCompile>
    <CudaCompile Include="RayTracerImpl.cu">
      <Filter>Source Files\Implementation</Filter>
    </CudaCompile>
  </ItemGroup>
  <ItemGroup>
    <ClInclude Include="DeviceUtils.cuh">
      <Filter>Header Filkes\Implementation</Filter>
    </ClInclude>
    <ClInclude Include="Random.cuh">
      <Filter>Header Filkes\Implementation</Filter>
    </ClInclude>
    <ClInclude Include="Ray.cuh">
      <Filter>Header Filkes\Implementation</Filter>
    </ClInclude>
    <ClInclude Include="RayTracerImpl.cuh">
      <Filter>Header Filkes\Implementation</Filter>
    </ClInclude>
    <ClInclude Include="RenderData.cuh">
      <Filter>Header Filkes\Implementation</Filter>
    </ClInclude>
    <ClInclude Include="Kernels.cuh">
      <Filter>Header Filkes\Implementation</Filter>
    </ClInclude>
    <ClInclude Include="ThinLensCamera.cuh">
      <Filter>Header Filkes\Implementation</Filter>
    </ClInclude>
    <ClInclude Include="RayTracer.h">
      <Filter>Header Filkes\Interface</Filter>
    </ClInclude>
    <ClInclude Include="RenderBuffer.cuh">
      <Filter>Header Filkes\Implementation</Filter>
    </ClInclude>
  </ItemGroup>
  <ItemGroup>
    <ClCompile Include="RayTracer.cpp">
      <Filter>Source Files\Interface</Filter>
    </ClCompile>
  </ItemGroup>
</Project>